// !$*UTF8*$!
{
	archiveVersion = 1;
	classes = {
	};
	objectVersion = 50;
	objects = {

/* Begin PBXBuildFile section */
		F0330F28227302F20075E5AF /* AppDelegate.m in Sources */ = {isa = PBXBuildFile; fileRef = F0330F27227302F20075E5AF /* AppDelegate.m */; };
		F0330F2B227302F20075E5AF /* ViewController.m in Sources */ = {isa = PBXBuildFile; fileRef = F0330F2A227302F20075E5AF /* ViewController.m */; };
		F0330F2E227302F20075E5AF /* Main.storyboard in Resources */ = {isa = PBXBuildFile; fileRef = F0330F2C227302F20075E5AF /* Main.storyboard */; };
		F0330F30227302F80075E5AF /* Assets.xcassets in Resources */ = {isa = PBXBuildFile; fileRef = F0330F2F227302F80075E5AF /* Assets.xcassets */; };
		F0330F33227302F80075E5AF /* LaunchScreen.storyboard in Resources */ = {isa = PBXBuildFile; fileRef = F0330F31227302F80075E5AF /* LaunchScreen.storyboard */; };
		F0330F36227302F80075E5AF /* main.m in Sources */ = {isa = PBXBuildFile; fileRef = F0330F35227302F80075E5AF /* main.m */; };
		F0330F3E227303850075E5AF /* ScrollTextView.m in Sources */ = {isa = PBXBuildFile; fileRef = F0330F3D227303850075E5AF /* ScrollTextView.m */; };
/* End PBXBuildFile section */

/* Begin PBXFileReference section */
		F0330F23227302F10075E5AF /* ScrollLabelDemo.app */ = {isa = PBXFileReference; explicitFileType = wrapper.application; includeInIndex = 0; path = ScrollLabelDemo.app; sourceTree = BUILT_PRODUCTS_DIR; };
		F0330F26227302F20075E5AF /* AppDelegate.h */ = {isa = PBXFileReference; lastKnownFileType = sourcecode.c.h; path = AppDelegate.h; sourceTree = "<group>"; };
		F0330F27227302F20075E5AF /* AppDelegate.m */ = {isa = PBXFileReference; lastKnownFileType = sourcecode.c.objc; path = AppDelegate.m; sourceTree = "<group>"; };
		F0330F29227302F20075E5AF /* ViewController.h */ = {isa = PBXFileReference; lastKnownFileType = sourcecode.c.h; path = ViewController.h; sourceTree = "<group>"; };
		F0330F2A227302F20075E5AF /* ViewController.m */ = {isa = PBXFileReference; lastKnownFileType = sourcecode.c.objc; path = ViewController.m; sourceTree = "<group>"; };
		F0330F2D227302F20075E5AF /* Base */ = {isa = PBXFileReference; lastKnownFileType = file.storyboard; name = Base; path = Base.lproj/Main.storyboard; sourceTree = "<group>"; };
		F0330F2F227302F80075E5AF /* Assets.xcassets */ = {isa = PBXFileReference; lastKnownFileType = folder.assetcatalog; path = Assets.xcassets; sourceTree = "<group>"; };
		F0330F32227302F80075E5AF /* Base */ = {isa = PBXFileReference; lastKnownFileType = file.storyboard; name = Base; path = Base.lproj/LaunchScreen.storyboard; sourceTree = "<group>"; };
		F0330F34227302F80075E5AF /* Info.plist */ = {isa = PBXFileReference; lastKnownFileType = text.plist.xml; path = Info.plist; sourceTree = "<group>"; };
		F0330F35227302F80075E5AF /* main.m */ = {isa = PBXFileReference; lastKnownFileType = sourcecode.c.objc; path = main.m; sourceTree = "<group>"; };
		F0330F3C227303850075E5AF /* ScrollTextView.h */ = {isa = PBXFileReference; lastKnownFileType = sourcecode.c.h; path = ScrollTextView.h; sourceTree = "<group>"; };
		F0330F3D227303850075E5AF /* ScrollTextView.m */ = {isa = PBXFileReference; lastKnownFileType = sourcecode.c.objc; path = ScrollTextView.m; sourceTree = "<group>"; };
/* End PBXFileReference section */

/* Begin PBXFrameworksBuildPhase section */
		F0330F20227302F10075E5AF /* Frameworks */ = {
			isa = PBXFrameworksBuildPhase;
			buildActionMask = 2147483647;
			files = (
			);
			runOnlyForDeploymentPostprocessing = 0;
		};
/* End PBXFrameworksBuildPhase section */

/* Begin PBXGroup section */
		F0330F1A227302F10075E5AF = {
			isa = PBXGroup;
			children = (
				F0330F25227302F10075E5AF /* ScrollLabelDemo */,
				F0330F24227302F10075E5AF /* Products */,
			);
			sourceTree = "<group>";
		};
		F0330F24227302F10075E5AF /* Products */ = {
			isa = PBXGroup;
			children = (
				F0330F23227302F10075E5AF /* ScrollLabelDemo.app */,
			);
			name = Products;
			sourceTree = "<group>";
		};
		F0330F25227302F10075E5AF /* ScrollLabelDemo */ = {
			isa = PBXGroup;
			children = (
				F0330F26227302F20075E5AF /* AppDelegate.h */,
				F0330F27227302F20075E5AF /* AppDelegate.m */,
				F0330F29227302F20075E5AF /* ViewController.h */,
				F0330F2A227302F20075E5AF /* ViewController.m */,
				F0330F3C227303850075E5AF /* ScrollTextView.h */,
				F0330F3D227303850075E5AF /* ScrollTextView.m */,
				F0330F2C227302F20075E5AF /* Main.storyboard */,
				F0330F2F227302F80075E5AF /* Assets.xcassets */,
				F0330F31227302F80075E5AF /* LaunchScreen.storyboard */,
				F0330F34227302F80075E5AF /* Info.plist */,
				F0330F35227302F80075E5AF /* main.m */,
			);
			path = ScrollLabelDemo;
			sourceTree = "<group>";
		};
/* End PBXGroup section */

/* Begin PBXNativeTarget section */
		F0330F22227302F10075E5AF /* ScrollLabelDemo */ = {
			isa = PBXNativeTarget;
			buildConfigurationList = F0330F39227302F80075E5AF /* Build configuration list for PBXNativeTarget "ScrollLabelDemo" */;
			buildPhases = (
				F0330F1F227302F10075E5AF /* Sources */,
				F0330F20227302F10075E5AF /* Frameworks */,
				F0330F21227302F10075E5AF /* Resources */,
			);
			buildRules = (
			);
			dependencies = (
			);
			name = ScrollLabelDemo;
			productName = ScrollLabelDemo;
			productReference = F0330F23227302F10075E5AF /* ScrollLabelDemo.app */;
			productType = "com.apple.product-type.application";
		};
/* End PBXNativeTarget section */

/* Begin PBXProject section */
		F0330F1B227302F10075E5AF /* Project object */ = {
			isa = PBXProject;
			attributes = {
				LastUpgradeCheck = 1010;
				ORGANIZATIONNAME = 55it;
				TargetAttributes = {
					F0330F22227302F10075E5AF = {
						CreatedOnToolsVersion = 10.1;
					};
				};
			};
			buildConfigurationList = F0330F1E227302F10075E5AF /* Build configuration list for PBXProject "ScrollLabelDemo" */;
			compatibilityVersion = "Xcode 9.3";
			developmentRegion = en;
			hasScannedForEncodings = 0;
			knownRegions = (
				en,
				Base,
			);
			mainGroup = F0330F1A227302F10075E5AF;
			productRefGroup = F0330F24227302F10075E5AF /* Products */;
			projectDirPath = "";
			projectRoot = "";
			targets = (
				F0330F22227302F10075E5AF /* ScrollLabelDemo */,
			);
		};
/* End PBXProject section */

/* Begin PBXResourcesBuildPhase section */
		F0330F21227302F10075E5AF /* Resources */ = {
			isa = PBXResourcesBuildPhase;
			buildActionMask = 2147483647;
			files = (
				F0330F33227302F80075E5AF /* LaunchScreen.storyboard in Resources */,
				F0330F30227302F80075E5AF /* Assets.xcassets in Resources */,
				F0330F2E227302F20075E5AF /* Main.storyboard in Resources */,
			);
			runOnlyForDeploymentPostprocessing = 0;
		};
/* End PBXResourcesBuildPhase section */

/* Begin PBXSourcesBuildPhase section */
		F0330F1F227302F10075E5AF /* Sources */ = {
			isa = PBXSourcesBuildPhase;
			buildActionMask = 2147483647;
			files = (
				F0330F2B227302F20075E5AF /* ViewController.m in Sources */,
				F0330F36227302F80075E5AF /* main.m in Sources */,
				F0330F3E227303850075E5AF /* ScrollTextView.m in Sources */,
				F0330F28227302F20075E5AF /* AppDelegate.m in Sources */,
			);
			runOnlyForDeploymentPostprocessing = 0;
		};
/* End PBXSourcesBuildPhase section */

/* Begin PBXVariantGroup section */
		F0330F2C227302F20075E5AF /* Main.storyboard */ = {
			isa = PBXVariantGroup;
			children = (
				F0330F2D227302F20075E5AF /* Base */,
			);
			name = Main.storyboard;
			sourceTree = "<group>";
		};
		F0330F31227302F80075E5AF /* LaunchScreen.storyboard */ = {
			isa = PBXVariantGroup;
			children = (
				F0330F32227302F80075E5AF /* Base */,
			);
			name = LaunchScreen.storyboard;
			sourceTree = "<group>";
		};
/* End PBXVariantGroup section */

/* Begin XCBuildConfiguration section */
		F0330F37227302F80075E5AF /* Debug */ = {
			isa = XCBuildConfiguration;
			buildSettings = {
				ALWAYS_SEARCH_USER_PATHS = NO;
				CLANG_ANALYZER_NONNULL = YES;
				CLANG_ANALYZER_NUMBER_OBJECT_CONVERSION = YES_AGGRESSIVE;
				CLANG_CXX_LANGUAGE_STANDARD = "gnu++14";
				CLANG_CXX_LIBRARY = "libc++";
				CLANG_ENABLE_MODULES = YES;
				CLANG_ENABLE_OBJC_ARC = YES;
				CLANG_ENABLE_OBJC_WEAK = YES;
				CLANG_WARN_BLOCK_CAPTURE_AUTORELEASING = YES;
				CLANG_WARN_BOOL_CONVERSION = YES;
				CLANG_WARN_COMMA = YES;
				CLANG_WARN_CONSTANT_CONVERSION = YES;
				CLANG_WARN_DEPRECATED_OBJC_IMPLEMENTATIONS = YES;
				CLANG_WARN_DIRECT_OBJC_ISA_USAGE = YES_ERROR;
				CLANG_WARN_DOCUMENTATION_COMMENTS = YES;
				CLANG_WARN_EMPTY_BODY = YES;
				CLANG_WARN_ENUM_CONVERSION = YES;
				CLANG_WARN_INFINITE_RECURSION = YES;
				CLANG_WARN_INT_CONVERSION = YES;
				CLANG_WARN_NON_LITERAL_NULL_CONVERSION = YES;
				CLANG_WARN_OBJC_IMPLICIT_RETAIN_SELF = YES;
				CLANG_WARN_OBJC_LITERAL_CONVERSION = YES;
				CLANG_WARN_OBJC_ROOT_CLASS = YES_ERROR;
				CLANG_WARN_RANGE_LOOP_ANALYSIS = YES;
				CLANG_WARN_STRICT_PROTOTYPES = YES;
				CLANG_WARN_SUSPICIOUS_MOVE = YES;
				CLANG_WARN_UNGUARDED_AVAILABILITY = YES_AGGRESSIVE;
				CLANG_WARN_UNREACHABLE_CODE = YES;
				CLANG_WARN__DUPLICATE_METHOD_MATCH = YES;
				CODE_SIGN_IDENTITY = "iPhone Developer";
				COPY_PHASE_STRIP = NO;
				DEBUG_INFORMATION_FORMAT = dwarf;
				ENABLE_STRICT_OBJC_MSGSEND = YES;
				ENABLE_TESTABILITY = YES;
				GCC_C_LANGUAGE_STANDARD = gnu11;
				GCC_DYNAMIC_NO_PIC = NO;
				GCC_NO_COMMON_BLOCKS = YES;
				GCC_OPTIMIZATION_LEVEL = 0;
				GCC_PREPROCESSOR_DEFINITIONS = (
					"DEBUG=1",
					"$(inherited)",
				);
				GCC_WARN_64_TO_32_BIT_CONVERSION = YES;
				GCC_WARN_ABOUT_RETURN_TYPE = YES_ERROR;
				GCC_WARN_UNDECLARED_SELECTOR = YES;
				GCC_WARN_UNINITIALIZED_AUTOS = YES_AGGRESSIVE;
				GCC_WARN_UNUSED_FUNCTION = YES;
				GCC_WARN_UNUSED_VARIABLE = YES;
				IPHONEOS_DEPLOYMENT_TARGET = 12.1;
				MTL_ENABLE_DEBUG_INFO = INCLUDE_SOURCE;
				MTL_FAST_MATH = YES;
				ONLY_ACTIVE_ARCH = YES;
				SDKROOT = iphoneos;
			};
			name = Debug;
		};
		F0330F38227302F80075E5AF /* Release */ = {
			isa = XCBuildConfiguration;
			buildSettings = {
				ALWAYS_SEARCH_USER_PATHS = NO;
				CLANG_ANALYZER_NONNULL = YES;
				CLANG_ANALYZER_NUMBER_OBJECT_CONVERSION = YES_AGGRESSIVE;
				CLANG_CXX_LANGUAGE_STANDARD = "gnu++14";
				CLANG_CXX_LIBRARY = "libc++";
				CLANG_ENABLE_MODULES = YES;
				CLANG_ENABLE_OBJC_ARC = YES;
				CLANG_ENABLE_OBJC_WEAK = YES;
				CLANG_WARN_BLOCK_CAPTURE_AUTORELEASING = YES;
				CLANG_WARN_BOOL_CONVERSION = YES;
				CLANG_WARN_COMMA = YES;
				CLANG_WARN_CONSTANT_CONVERSION = YES;
				CLANG_WARN_DEPRECATED_OBJC_IMPLEMENTATIONS = YES;
				CLANG_WARN_DIRECT_OBJC_ISA_USAGE = YES_ERROR;
				CLANG_WARN_DOCUMENTATION_COMMENTS = YES;
				CLANG_WARN_EMPTY_BODY = YES;
				CLANG_WARN_ENUM_CONVERSION = YES;
				CLANG_WARN_INFINITE_RECURSION = YES;
				CLANG_WARN_INT_CONVERSION = YES;
				CLANG_WARN_NON_LITERAL_NULL_CONVERSION = YES;
				CLANG_WARN_OBJC_IMPLICIT_RETAIN_SELF = YES;
				CLANG_WARN_OBJC_LITERAL_CONVERSION = YES;
				CLANG_WARN_OBJC_ROOT_CLASS = YES_ERROR;
				CLANG_WARN_RANGE_LOOP_ANALYSIS = YES;
				CLANG_WARN_STRICT_PROTOTYPES = YES;
				CLANG_WARN_SUSPICIOUS_MOVE = YES;
				CLANG_WARN_UNGUARDED_AVAILABILITY = YES_AGGRESSIVE;
				CLANG_WARN_UNREACHABLE_CODE = YES;
				CLANG_WARN__DUPLICATE_METHOD_MATCH = YES;
				CODE_SIGN_IDENTITY = "iPhone Developer";
				COPY_PHASE_STRIP = NO;
				DEBUG_INFORMATION_FORMAT = "dwarf-with-dsym";
				ENABLE_NS_ASSERTIONS = NO;
				ENABLE_STRICT_OBJC_MSGSEND = YES;
				GCC_C_LANGUAGE_STANDARD = gnu11;
				GCC_NO_COMMON_BLOCKS = YES;
				GCC_WARN_64_TO_32_BIT_CONVERSION = YES;
				GCC_WARN_ABOUT_RETURN_TYPE = YES_ERROR;
				GCC_WARN_UNDECLARED_SELECTOR = YES;
				GCC_WARN_UNINITIALIZED_AUTOS = YES_AGGRESSIVE;
				GCC_WARN_UNUSED_FUNCTION = YES;
				GCC_WARN_UNUSED_VARIABLE = YES;
				IPHONEOS_DEPLOYMENT_TARGET = 12.1;
				MTL_ENABLE_DEBUG_INFO = NO;
				MTL_FAST_MATH = YES;
				SDKROOT = iphoneos;
				VALIDATE_PRODUCT = YES;
			};
			name = Release;
		};
		F0330F3A227302F80075E5AF /* Debug */ = {
			isa = XCBuildConfiguration;
			buildSettings = {
				ASSETCATALOG_COMPILER_APPICON_NAME = AppIcon;
				CODE_SIGN_STYLE = Automatic;
				DEVELOPMENT_TEAM = C6765VDFWW;
				INFOPLIST_FILE = ScrollLabelDemo/Info.plist;
				IPHONEOS_DEPLOYMENT_TARGET = 9.1;
				LD_RUNPATH_SEARCH_PATHS = (
					"$(inherited)",
					"@executable_path/Frameworks",
				);
				PRODUCT_BUNDLE_IDENTIFIER = ScrollLabelDemo;
				PRODUCT_NAME = "$(TARGET_NAME)";
				TARGETED_DEVICE_FAMILY = "1,2";
			};
			name = Debug;
		};
		F0330F3B227302F80075E5AF /* Release */ = {
			isa = XCBuildConfiguration;
			buildSettings = {
				ASSETCATALOG_COMPILER_APPICON_NAME = AppIcon;
				CODE_SIGN_STYLE = Automatic;
				DEVELOPMENT_TEAM = C6765VDFWW;
				INFOPLIST_FILE = ScrollLabelDemo/Info.plist;
				IPHONEOS_DEPLOYMENT_TARGET = 9.1;
				LD_RUNPATH_SEARCH_PATHS = (
					"$(inherited)",
					"@executable_path/Frameworks",
				);
				PRODUCT_BUNDLE_IDENTIFIER = ScrollLabelDemo;
				PRODUCT_NAME = "$(TARGET_NAME)";
				TARGETED_DEVICE_FAMILY = "1,2";
			};
			name = Release;
		};
/* End XCBuildConfiguration section */

/* Begin XCConfigurationList section */
		F0330F1E227302F10075E5AF /* Build configuration list for PBXProject "ScrollLabelDemo" */ = {
			isa = XCConfigurationList;
			buildConfigurations = (
				F0330F37227302F80075E5AF /* Debug */,
				F0330F38227302F80075E5AF /* Release */,
			);
			defaultConfigurationIsVisible = 0;
			defaultConfigurationName = Release;
		};
		F0330F39227302F80075E5AF /* Build configuration list for PBXNativeTarget "ScrollLabelDemo" */ = {
			isa = XCConfigurationList;
			buildConfigurations = (
				F0330F3A227302F80075E5AF /* Debug */,
				F0330F3B227302F80075E5AF /* Release */,
			);
			defaultConfigurationIsVisible = 0;
			defaultConfigurationName = Release;
		};
/* End XCConfigurationList section */
	};
	rootObject = F0330F1B227302F10075E5AF /* Project object */;
}
